
Microsoft Visual Studio Solution File, Format Version 12.00
# Visual Studio Version 17
VisualStudioVersion = 17.7.34003.232
MinimumVisualStudioVersion = 10.0.40219.1
Project("{FAE04EC0-301F-11D3-BF4B-00C04F79EFBC}") = "CleanCode_DataBase", "CleanCode_DataBase.csproj", "{144E1848-53C4-42D0-AA74-681E77E72570}"
EndProject
Global
	GlobalSection(SolutionConfigurationPlatforms) = preSolution
		Debug|Any CPU = Debug|Any CPU
		Release|Any CPU = Release|Any CPU
	EndGlobalSection
	GlobalSection(ProjectConfigurationPlatforms) = postSolution
		{144E1848-53C4-42D0-AA74-681E77E72570}.Debug|Any CPU.ActiveCfg = Debug|Any CPU
		{144E1848-53C4-42D0-AA74-681E77E72570}.Debug|Any CPU.Build.0 = Debug|Any CPU
		{144E1848-53C4-42D0-AA74-681E77E72570}.Release|Any CPU.ActiveCfg = Release|Any CPU
		{144E1848-53C4-42D0-AA74-681E77E72570}.Release|Any CPU.Build.0 = Release|Any CPU
	EndGlobalSection
	GlobalSection(SolutionProperties) = preSolution
		HideSolutionNode = FALSE
	EndGlobalSection
	GlobalSection(ExtensibilityGlobals) = postSolution
		SolutionGuid = {1B5E0C9C-38ED-448E-A9D9-9F26DEB28B20}
	EndGlobalSection
EndGlobal
